
Microsoft Visual Studio Solution File, Format Version 12.00
# Visual Studio Version 17
VisualStudioVersion = 17.11.35222.181
MinimumVisualStudioVersion = 10.0.40219.1
Project("{FAE04EC0-301F-11D3-BF4B-00C04F79EFBC}") = "backend-lab-C34259", "backend-lab-C34259\backend-lab-C34259.csproj", "{D0DAD1CD-9D06-49BB-A368-0ADCD81B831A}"
EndProject
Global
	GlobalSection(SolutionConfigurationPlatforms) = preSolution
		Debug|Any CPU = Debug|Any CPU
		Release|Any CPU = Release|Any CPU
	EndGlobalSection
	GlobalSection(ProjectConfigurationPlatforms) = postSolution
		{D0DAD1CD-9D06-49BB-A368-0ADCD81B831A}.Debug|Any CPU.ActiveCfg = Debug|Any CPU
		{D0DAD1CD-9D06-49BB-A368-0ADCD81B831A}.Debug|Any CPU.Build.0 = Debug|Any CPU
		{D0DAD1CD-9D06-49BB-A368-0ADCD81B831A}.Release|Any CPU.ActiveCfg = Release|Any CPU
		{D0DAD1CD-9D06-49BB-A368-0ADCD81B831A}.Release|Any CPU.Build.0 = Release|Any CPU
	EndGlobalSection
	GlobalSection(SolutionProperties) = preSolution
		HideSolutionNode = FALSE
	EndGlobalSection
	GlobalSection(ExtensibilityGlobals) = postSolution
		SolutionGuid = {CE3C20E9-C9D6-4A28-940F-7FAF406F01D8}
	EndGlobalSection
EndGlobal
